{
    "version": 3,
    "terraform_version": "0.9.2",
    "serial": 0,
    "lineage": "ecae0457-98b7-44d4-88a5-bd3780c8f3bd",
    "modules": [
        {
            "path": [
                "root"
            ],
            "outputs": {},
            "resources": {
                "aws_instance.elk": {
                    "type": "aws_instance",
                    "depends_on": [],
                    "primary": {
                        "id": "i-0b758de3225a43b38",
                        "attributes": {
                            "ami": "ami-ede2e889",
                            "associate_public_ip_address": "true",
                            "availability_zone": "eu-west-2a",
                            "disable_api_termination": "false",
                            "ebs_block_device.#": "0",
                            "ebs_optimized": "false",
                            "ephemeral_block_device.#": "0",
                            "iam_instance_profile": "",
                            "id": "i-0b758de3225a43b38",
                            "instance_state": "running",
                            "instance_type": "t2.micro",
                            "ipv6_address_count": "0",
                            "ipv6_addresses.#": "0",
                            "key_name": "",
                            "monitoring": "false",
                            "network_interface_id": "eni-0dda8176",
                            "private_dns": "ip-172-31-7-108.eu-west-2.compute.internal",
                            "private_ip": "172.31.7.108",
                            "public_dns": "ec2-35-177-241-9.eu-west-2.compute.amazonaws.com",
                            "public_ip": "35.177.241.9",
                            "root_block_device.#": "1",
                            "root_block_device.0.delete_on_termination": "true",
                            "root_block_device.0.iops": "100",
                            "root_block_device.0.volume_size": "8",
                            "root_block_device.0.volume_type": "gp2",
                            "security_groups.#": "0",
                            "source_dest_check": "true",
                            "subnet_id": "subnet-66f6371d",
                            "tags.%": "0",
                            "tenancy": "default",
                            "vpc_security_group_ids.#": "1",
                            "vpc_security_group_ids.1499177768": "sg-8e41f2e7"
                        },
                        "meta": {
                            "schema_version": "1"
                        },
                        "tainted": true
                    },
                    "deposed": [],
                    "provider": ""
                }
            },
            "depends_on": []
        }
    ]
}
